
Microsoft Visual Studio Solution File, Format Version 12.00
Project("{FAE04EC0-301F-11D3-BF4B-00C04F79EFBC}") = "lab1", "lab1\lab1.csproj", "{6085B5CB-A524-4E98-8382-BAD09FDF60D1}"
EndProject
Project("{FAE04EC0-301F-11D3-BF4B-00C04F79EFBC}") = "Robot", "Robot\Robot.csproj", "{B84157D5-1E69-458F-8B5E-B21D95F07540}"
EndProject
Project("{FAE04EC0-301F-11D3-BF4B-00C04F79EFBC}") = "LLTable", "LLTable\LLTable.csproj", "{B9633971-3A2F-4D51-8ED0-3015AE965F8A}"
EndProject
Project("{FAE04EC0-301F-11D3-BF4B-00C04F79EFBC}") = "SLRTable", "SLRTable\SLRTable.csproj", "{271F536F-D4A0-44FF-B3C8-D4E75F8AFBE7}"
EndProject
Global
	GlobalSection(SolutionConfigurationPlatforms) = preSolution
		Debug|Any CPU = Debug|Any CPU
		Release|Any CPU = Release|Any CPU
	EndGlobalSection
	GlobalSection(ProjectConfigurationPlatforms) = postSolution
		{6085B5CB-A524-4E98-8382-BAD09FDF60D1}.Debug|Any CPU.ActiveCfg = Debug|Any CPU
		{6085B5CB-A524-4E98-8382-BAD09FDF60D1}.Debug|Any CPU.Build.0 = Debug|Any CPU
		{6085B5CB-A524-4E98-8382-BAD09FDF60D1}.Release|Any CPU.ActiveCfg = Release|Any CPU
		{6085B5CB-A524-4E98-8382-BAD09FDF60D1}.Release|Any CPU.Build.0 = Release|Any CPU
		{B84157D5-1E69-458F-8B5E-B21D95F07540}.Debug|Any CPU.ActiveCfg = Debug|Any CPU
		{B84157D5-1E69-458F-8B5E-B21D95F07540}.Debug|Any CPU.Build.0 = Debug|Any CPU
		{B84157D5-1E69-458F-8B5E-B21D95F07540}.Release|Any CPU.ActiveCfg = Release|Any CPU
		{B84157D5-1E69-458F-8B5E-B21D95F07540}.Release|Any CPU.Build.0 = Release|Any CPU
		{B9633971-3A2F-4D51-8ED0-3015AE965F8A}.Debug|Any CPU.ActiveCfg = Debug|Any CPU
		{B9633971-3A2F-4D51-8ED0-3015AE965F8A}.Debug|Any CPU.Build.0 = Debug|Any CPU
		{B9633971-3A2F-4D51-8ED0-3015AE965F8A}.Release|Any CPU.ActiveCfg = Release|Any CPU
		{B9633971-3A2F-4D51-8ED0-3015AE965F8A}.Release|Any CPU.Build.0 = Release|Any CPU
		{271F536F-D4A0-44FF-B3C8-D4E75F8AFBE7}.Debug|Any CPU.ActiveCfg = Debug|Any CPU
		{271F536F-D4A0-44FF-B3C8-D4E75F8AFBE7}.Debug|Any CPU.Build.0 = Debug|Any CPU
		{271F536F-D4A0-44FF-B3C8-D4E75F8AFBE7}.Release|Any CPU.ActiveCfg = Release|Any CPU
		{271F536F-D4A0-44FF-B3C8-D4E75F8AFBE7}.Release|Any CPU.Build.0 = Release|Any CPU
	EndGlobalSection
EndGlobal
